
Microsoft Visual Studio Solution File, Format Version 12.00
# Visual Studio 14
VisualStudioVersion = 14.0.25420.1
MinimumVisualStudioVersion = 10.0.40219.1
Project("{FAE04EC0-301F-11D3-BF4B-00C04F79EFBC}") = "PeopleSearch", "PeopleSearch\PeopleSearch.csproj", "{A4286F7E-66D0-45CB-8EB2-4E99CACEB5D4}"
EndProject
Project("{FAE04EC0-301F-11D3-BF4B-00C04F79EFBC}") = "PeopleSearch.Data", "PeopleSearch.Data\PeopleSearch.Data.csproj", "{5B874C2F-AE0D-4117-B57B-81E4A1184035}"
EndProject
Project("{2150E333-8FDC-42A3-9474-1A3956D46DE8}") = "Tests", "Tests", "{B48EF803-2BAB-4C89-8258-CC144AD40273}"
EndProject
Project("{FAE04EC0-301F-11D3-BF4B-00C04F79EFBC}") = "PeopleSearch.Tests", "Tests\PeopleSearch.Tests\PeopleSearch.Tests.csproj", "{4A6C1E8F-F4CB-4EC3-99DE-1234256BB39A}"
EndProject
Global
	GlobalSection(SolutionConfigurationPlatforms) = preSolution
		Debug|Any CPU = Debug|Any CPU
		Release|Any CPU = Release|Any CPU
	EndGlobalSection
	GlobalSection(ProjectConfigurationPlatforms) = postSolution
		{A4286F7E-66D0-45CB-8EB2-4E99CACEB5D4}.Debug|Any CPU.ActiveCfg = Debug|Any CPU
		{A4286F7E-66D0-45CB-8EB2-4E99CACEB5D4}.Debug|Any CPU.Build.0 = Debug|Any CPU
		{A4286F7E-66D0-45CB-8EB2-4E99CACEB5D4}.Release|Any CPU.ActiveCfg = Release|Any CPU
		{A4286F7E-66D0-45CB-8EB2-4E99CACEB5D4}.Release|Any CPU.Build.0 = Release|Any CPU
		{5B874C2F-AE0D-4117-B57B-81E4A1184035}.Debug|Any CPU.ActiveCfg = Debug|Any CPU
		{5B874C2F-AE0D-4117-B57B-81E4A1184035}.Debug|Any CPU.Build.0 = Debug|Any CPU
		{5B874C2F-AE0D-4117-B57B-81E4A1184035}.Release|Any CPU.ActiveCfg = Release|Any CPU
		{5B874C2F-AE0D-4117-B57B-81E4A1184035}.Release|Any CPU.Build.0 = Release|Any CPU
		{4A6C1E8F-F4CB-4EC3-99DE-1234256BB39A}.Debug|Any CPU.ActiveCfg = Debug|Any CPU
		{4A6C1E8F-F4CB-4EC3-99DE-1234256BB39A}.Debug|Any CPU.Build.0 = Debug|Any CPU
		{4A6C1E8F-F4CB-4EC3-99DE-1234256BB39A}.Release|Any CPU.ActiveCfg = Release|Any CPU
		{4A6C1E8F-F4CB-4EC3-99DE-1234256BB39A}.Release|Any CPU.Build.0 = Release|Any CPU
	EndGlobalSection
	GlobalSection(SolutionProperties) = preSolution
		HideSolutionNode = FALSE
	EndGlobalSection
	GlobalSection(NestedProjects) = preSolution
		{4A6C1E8F-F4CB-4EC3-99DE-1234256BB39A} = {B48EF803-2BAB-4C89-8258-CC144AD40273}
	EndGlobalSection
EndGlobal
